// !$*UTF8*$!
{
	archiveVersion = 1;
	classes = {
	};
	objectVersion = 46;
	objects = {

/* Begin PBXBuildFile section */
		7F07E3831C4A5A5400986AD7 /* HoriNameClass.swift in Sources */ = {isa = PBXBuildFile; fileRef = 7F07E3821C4A5A5400986AD7 /* HoriNameClass.swift */; };
		7F31E1AB1B8B5ACD00DEDDE1 /* BornViewController.swift in Sources */ = {isa = PBXBuildFile; fileRef = 7F31E1AA1B8B5ACD00DEDDE1 /* BornViewController.swift */; };
		7F450D831B71248100C63788 /* AppDelegate.swift in Sources */ = {isa = PBXBuildFile; fileRef = 7F450D821B71248100C63788 /* AppDelegate.swift */; };
		7F450D851B71248100C63788 /* ViewController.swift in Sources */ = {isa = PBXBuildFile; fileRef = 7F450D841B71248100C63788 /* ViewController.swift */; };
		7F450D881B71248100C63788 /* Main.storyboard in Resources */ = {isa = PBXBuildFile; fileRef = 7F450D861B71248100C63788 /* Main.storyboard */; };
		7F450D8A1B71248100C63788 /* Images.xcassets in Resources */ = {isa = PBXBuildFile; fileRef = 7F450D891B71248100C63788 /* Images.xcassets */; };
		7F450D8D1B71248100C63788 /* LaunchScreen.xib in Resources */ = {isa = PBXBuildFile; fileRef = 7F450D8B1B71248100C63788 /* LaunchScreen.xib */; };
		7F450D991B71248200C63788 /* ___Tests.swift in Sources */ = {isa = PBXBuildFile; fileRef = 7F450D981B71248200C63788 /* ___Tests.swift */; };
		7F7AC7421B7A1CA200457D53 /* おじいちゃんとおばあちゃん.png in Resources */ = {isa = PBXBuildFile; fileRef = 7F7AC7411B7A1CA200457D53 /* おじいちゃんとおばあちゃん.png */; };
		7F7AC7441B7A23A600457D53 /* 芝刈りと選択.png in Resources */ = {isa = PBXBuildFile; fileRef = 7F7AC7431B7A23A600457D53 /* 芝刈りと選択.png */; };
		7F7AC7461B7A24BF00457D53 /* ももとおばあちゃん.jpeg in Resources */ = {isa = PBXBuildFile; fileRef = 7F7AC7451B7A24BF00457D53 /* ももとおばあちゃん.jpeg */; };
		7F7AC74A1B7A2A4300457D53 /* ゲームオーバ.jpeg in Resources */ = {isa = PBXBuildFile; fileRef = 7F7AC7491B7A2A4300457D53 /* ゲームオーバ.jpeg */; };
		7F7AC74E1B7A31C200457D53 /* 桃太郎誕生.png in Resources */ = {isa = PBXBuildFile; fileRef = 7F7AC74D1B7A31C200457D53 /* 桃太郎誕生.png */; };
		7F7AC7521B7A34AA00457D53 /* 桃太郎.png in Resources */ = {isa = PBXBuildFile; fileRef = 7F7AC7511B7A34AA00457D53 /* 桃太郎.png */; };
		7F7AC7541B7A34E900457D53 /* DeparturesViewController.swift in Sources */ = {isa = PBXBuildFile; fileRef = 7F7AC7531B7A34E900457D53 /* DeparturesViewController.swift */; };
		7F7AC7561B7A37BF00457D53 /* ギャル遊び.jpg in Resources */ = {isa = PBXBuildFile; fileRef = 7F7AC7551B7A37BF00457D53 /* ギャル遊び.jpg */; };
		7F7AC7581B7A390C00457D53 /* ぐれる.jpg in Resources */ = {isa = PBXBuildFile; fileRef = 7F7AC7571B7A390C00457D53 /* ぐれる.jpg */; };
		7F7AC75A1B7A41EA00457D53 /* MeetFriendViewController.swift in Sources */ = {isa = PBXBuildFile; fileRef = 7F7AC7591B7A41EA00457D53 /* MeetFriendViewController.swift */; };
		7F7AC75F1B7A4A9300457D53 /* 仲間レベル1.gif in Resources */ = {isa = PBXBuildFile; fileRef = 7F7AC75B1B7A4A9300457D53 /* 仲間レベル1.gif */; };
		7F7AC7601B7A4A9300457D53 /* 仲間レベル2.png in Resources */ = {isa = PBXBuildFile; fileRef = 7F7AC75C1B7A4A9300457D53 /* 仲間レベル2.png */; };
		7F7AC7611B7A4A9300457D53 /* 仲間レベル3.jpeg in Resources */ = {isa = PBXBuildFile; fileRef = 7F7AC75D1B7A4A9300457D53 /* 仲間レベル3.jpeg */; };
		7F7AC7621B7A4A9300457D53 /* 仲間レベル4.jpeg in Resources */ = {isa = PBXBuildFile; fileRef = 7F7AC75E1B7A4A9300457D53 /* 仲間レベル4.jpeg */; };
		7F7AC7641B7A53D100457D53 /* AttackOniViewController.swift in Sources */ = {isa = PBXBuildFile; fileRef = 7F7AC7631B7A53D100457D53 /* AttackOniViewController.swift */; };
		7F7AC76D1B7A5CBC00457D53 /* 背景1.jpg in Resources */ = {isa = PBXBuildFile; fileRef = 7F7AC7651B7A5CBC00457D53 /* 背景1.jpg */; };
		7F7AC76E1B7A5CBC00457D53 /* 背景2.jpg in Resources */ = {isa = PBXBuildFile; fileRef = 7F7AC7661B7A5CBC00457D53 /* 背景2.jpg */; };
		7F7AC76F1B7A5CBC00457D53 /* 背景3.jpeg in Resources */ = {isa = PBXBuildFile; fileRef = 7F7AC7671B7A5CBC00457D53 /* 背景3.jpeg */; };
		7F7AC7701B7A5CBC00457D53 /* 背景4.jpg in Resources */ = {isa = PBXBuildFile; fileRef = 7F7AC7681B7A5CBC00457D53 /* 背景4.jpg */; };
		7F7AC7711B7A5CBC00457D53 /* 背景5.jpg in Resources */ = {isa = PBXBuildFile; fileRef = 7F7AC7691B7A5CBC00457D53 /* 背景5.jpg */; };
		7F7AC7721B7A5CBC00457D53 /* 背景6.jpeg in Resources */ = {isa = PBXBuildFile; fileRef = 7F7AC76A1B7A5CBC00457D53 /* 背景6.jpeg */; };
		7F7AC7731B7A5CBC00457D53 /* 背景7.jpg in Resources */ = {isa = PBXBuildFile; fileRef = 7F7AC76B1B7A5CBC00457D53 /* 背景7.jpg */; };
		7F7AC7741B7A5CBC00457D53 /* 背景8.jpg in Resources */ = {isa = PBXBuildFile; fileRef = 7F7AC76C1B7A5CBC00457D53 /* 背景8.jpg */; };
		7F7AC7761B7A64D300457D53 /* 背景9.jpg in Resources */ = {isa = PBXBuildFile; fileRef = 7F7AC7751B7A64D300457D53 /* 背景9.jpg */; };
/* End PBXBuildFile section */

/* Begin PBXContainerItemProxy section */
		7F450D931B71248200C63788 /* PBXContainerItemProxy */ = {
			isa = PBXContainerItemProxy;
			containerPortal = 7F450D751B71248100C63788 /* Project object */;
			proxyType = 1;
			remoteGlobalIDString = 7F450D7C1B71248100C63788;
			remoteInfo = "紙芝居";
		};
/* End PBXContainerItemProxy section */

/* Begin PBXFileReference section */
		7F07E3821C4A5A5400986AD7 /* HoriNameClass.swift */ = {isa = PBXFileReference; fileEncoding = 4; lastKnownFileType = sourcecode.swift; path = HoriNameClass.swift; sourceTree = "<group>"; };
		7F31E1AA1B8B5ACD00DEDDE1 /* BornViewController.swift */ = {isa = PBXFileReference; fileEncoding = 4; lastKnownFileType = sourcecode.swift; path = BornViewController.swift; sourceTree = "<group>"; };
		7F450D7D1B71248100C63788 /* 紙芝居.app */ = {isa = PBXFileReference; explicitFileType = wrapper.application; includeInIndex = 0; path = "紙芝居.app"; sourceTree = BUILT_PRODUCTS_DIR; };
		7F450D811B71248100C63788 /* Info.plist */ = {isa = PBXFileReference; lastKnownFileType = text.plist.xml; path = Info.plist; sourceTree = "<group>"; };
		7F450D821B71248100C63788 /* AppDelegate.swift */ = {isa = PBXFileReference; lastKnownFileType = sourcecode.swift; path = AppDelegate.swift; sourceTree = "<group>"; };
		7F450D841B71248100C63788 /* ViewController.swift */ = {isa = PBXFileReference; lastKnownFileType = sourcecode.swift; path = ViewController.swift; sourceTree = "<group>"; };
		7F450D871B71248100C63788 /* Base */ = {isa = PBXFileReference; lastKnownFileType = file.storyboard; name = Base; path = Base.lproj/Main.storyboard; sourceTree = "<group>"; };
		7F450D891B71248100C63788 /* Images.xcassets */ = {isa = PBXFileReference; lastKnownFileType = folder.assetcatalog; path = Images.xcassets; sourceTree = "<group>"; };
		7F450D8C1B71248100C63788 /* Base */ = {isa = PBXFileReference; lastKnownFileType = file.xib; name = Base; path = Base.lproj/LaunchScreen.xib; sourceTree = "<group>"; };
		7F450D921B71248200C63788 /* 紙芝居Tests.xctest */ = {isa = PBXFileReference; explicitFileType = wrapper.cfbundle; includeInIndex = 0; path = "紙芝居Tests.xctest"; sourceTree = BUILT_PRODUCTS_DIR; };
		7F450D971B71248200C63788 /* Info.plist */ = {isa = PBXFileReference; lastKnownFileType = text.plist.xml; path = Info.plist; sourceTree = "<group>"; };
		7F450D981B71248200C63788 /* ___Tests.swift */ = {isa = PBXFileReference; lastKnownFileType = sourcecode.swift; path = "___Tests.swift"; sourceTree = "<group>"; };
		7F7AC7411B7A1CA200457D53 /* おじいちゃんとおばあちゃん.png */ = {isa = PBXFileReference; lastKnownFileType = image.png; path = "おじいちゃんとおばあちゃん.png"; sourceTree = "<group>"; };
		7F7AC7431B7A23A600457D53 /* 芝刈りと選択.png */ = {isa = PBXFileReference; lastKnownFileType = image.png; path = "芝刈りと選択.png"; sourceTree = "<group>"; };
		7F7AC7451B7A24BF00457D53 /* ももとおばあちゃん.jpeg */ = {isa = PBXFileReference; lastKnownFileType = image.jpeg; path = "ももとおばあちゃん.jpeg"; sourceTree = "<group>"; };
		7F7AC7491B7A2A4300457D53 /* ゲームオーバ.jpeg */ = {isa = PBXFileReference; lastKnownFileType = image.jpeg; path = "ゲームオーバ.jpeg"; sourceTree = "<group>"; };
		7F7AC74D1B7A31C200457D53 /* 桃太郎誕生.png */ = {isa = PBXFileReference; lastKnownFileType = image.png; path = "桃太郎誕生.png"; sourceTree = "<group>"; };
		7F7AC7511B7A34AA00457D53 /* 桃太郎.png */ = {isa = PBXFileReference; lastKnownFileType = image.png; path = "桃太郎.png"; sourceTree = "<group>"; };
		7F7AC7531B7A34E900457D53 /* DeparturesViewController.swift */ = {isa = PBXFileReference; fileEncoding = 4; lastKnownFileType = sourcecode.swift; path = DeparturesViewController.swift; sourceTree = "<group>"; };
		7F7AC7551B7A37BF00457D53 /* ギャル遊び.jpg */ = {isa = PBXFileReference; lastKnownFileType = image.jpeg; path = "ギャル遊び.jpg"; sourceTree = "<group>"; };
		7F7AC7571B7A390C00457D53 /* ぐれる.jpg */ = {isa = PBXFileReference; lastKnownFileType = image.jpeg; path = "ぐれる.jpg"; sourceTree = "<group>"; };
		7F7AC7591B7A41EA00457D53 /* MeetFriendViewController.swift */ = {isa = PBXFileReference; fileEncoding = 4; lastKnownFileType = sourcecode.swift; path = MeetFriendViewController.swift; sourceTree = "<group>"; };
		7F7AC75B1B7A4A9300457D53 /* 仲間レベル1.gif */ = {isa = PBXFileReference; lastKnownFileType = image.gif; path = "仲間レベル1.gif"; sourceTree = "<group>"; };
		7F7AC75C1B7A4A9300457D53 /* 仲間レベル2.png */ = {isa = PBXFileReference; lastKnownFileType = image.png; path = "仲間レベル2.png"; sourceTree = "<group>"; };
		7F7AC75D1B7A4A9300457D53 /* 仲間レベル3.jpeg */ = {isa = PBXFileReference; lastKnownFileType = image.jpeg; path = "仲間レベル3.jpeg"; sourceTree = "<group>"; };
		7F7AC75E1B7A4A9300457D53 /* 仲間レベル4.jpeg */ = {isa = PBXFileReference; lastKnownFileType = image.jpeg; path = "仲間レベル4.jpeg"; sourceTree = "<group>"; };
		7F7AC7631B7A53D100457D53 /* AttackOniViewController.swift */ = {isa = PBXFileReference; fileEncoding = 4; lastKnownFileType = sourcecode.swift; path = AttackOniViewController.swift; sourceTree = "<group>"; };
		7F7AC7651B7A5CBC00457D53 /* 背景1.jpg */ = {isa = PBXFileReference; lastKnownFileType = image.jpeg; path = "背景1.jpg"; sourceTree = "<group>"; };
		7F7AC7661B7A5CBC00457D53 /* 背景2.jpg */ = {isa = PBXFileReference; lastKnownFileType = image.jpeg; path = "背景2.jpg"; sourceTree = "<group>"; };
		7F7AC7671B7A5CBC00457D53 /* 背景3.jpeg */ = {isa = PBXFileReference; lastKnownFileType = image.jpeg; path = "背景3.jpeg"; sourceTree = "<group>"; };
		7F7AC7681B7A5CBC00457D53 /* 背景4.jpg */ = {isa = PBXFileReference; lastKnownFileType = image.jpeg; path = "背景4.jpg"; sourceTree = "<group>"; };
		7F7AC7691B7A5CBC00457D53 /* 背景5.jpg */ = {isa = PBXFileReference; lastKnownFileType = image.jpeg; path = "背景5.jpg"; sourceTree = "<group>"; };
		7F7AC76A1B7A5CBC00457D53 /* 背景6.jpeg */ = {isa = PBXFileReference; lastKnownFileType = image.jpeg; path = "背景6.jpeg"; sourceTree = "<group>"; };
		7F7AC76B1B7A5CBC00457D53 /* 背景7.jpg */ = {isa = PBXFileReference; lastKnownFileType = image.jpeg; path = "背景7.jpg"; sourceTree = "<group>"; };
		7F7AC76C1B7A5CBC00457D53 /* 背景8.jpg */ = {isa = PBXFileReference; lastKnownFileType = image.jpeg; path = "背景8.jpg"; sourceTree = "<group>"; };
		7F7AC7751B7A64D300457D53 /* 背景9.jpg */ = {isa = PBXFileReference; lastKnownFileType = image.jpeg; path = "背景9.jpg"; sourceTree = "<group>"; };
/* End PBXFileReference section */

/* Begin PBXFrameworksBuildPhase section */
		7F450D7A1B71248100C63788 /* Frameworks */ = {
			isa = PBXFrameworksBuildPhase;
			buildActionMask = 2147483647;
			files = (
			);
			runOnlyForDeploymentPostprocessing = 0;
		};
		7F450D8F1B71248200C63788 /* Frameworks */ = {
			isa = PBXFrameworksBuildPhase;
			buildActionMask = 2147483647;
			files = (
			);
			runOnlyForDeploymentPostprocessing = 0;
		};
/* End PBXFrameworksBuildPhase section */

/* Begin PBXGroup section */
		7F450D741B71248100C63788 = {
			isa = PBXGroup;
			children = (
				7F450D7F1B71248100C63788 /* 紙芝居 */,
				7F450D951B71248200C63788 /* 紙芝居Tests */,
				7F450D7E1B71248100C63788 /* Products */,
			);
			sourceTree = "<group>";
		};
		7F450D7E1B71248100C63788 /* Products */ = {
			isa = PBXGroup;
			children = (
				7F450D7D1B71248100C63788 /* 紙芝居.app */,
				7F450D921B71248200C63788 /* 紙芝居Tests.xctest */,
			);
			name = Products;
			sourceTree = "<group>";
		};
		7F450D7F1B71248100C63788 /* 紙芝居 */ = {
			isa = PBXGroup;
			children = (
				7F31E1AA1B8B5ACD00DEDDE1 /* BornViewController.swift */,
				7F450D821B71248100C63788 /* AppDelegate.swift */,
				7F450D841B71248100C63788 /* ViewController.swift */,
				7F450D861B71248100C63788 /* Main.storyboard */,
				7F450D891B71248100C63788 /* Images.xcassets */,
				7F450D8B1B71248100C63788 /* LaunchScreen.xib */,
				7F450D801B71248100C63788 /* Supporting Files */,
				7F7AC7531B7A34E900457D53 /* DeparturesViewController.swift */,
				7F7AC7591B7A41EA00457D53 /* MeetFriendViewController.swift */,
				7F7AC7631B7A53D100457D53 /* AttackOniViewController.swift */,
				7F07E3821C4A5A5400986AD7 /* HoriNameClass.swift */,
			);
			path = "紙芝居";
			sourceTree = "<group>";
		};
		7F450D801B71248100C63788 /* Supporting Files */ = {
			isa = PBXGroup;
			children = (
				7F7AC7751B7A64D300457D53 /* 背景9.jpg */,
				7F7AC7651B7A5CBC00457D53 /* 背景1.jpg */,
				7F7AC7661B7A5CBC00457D53 /* 背景2.jpg */,
				7F7AC7671B7A5CBC00457D53 /* 背景3.jpeg */,
				7F7AC7681B7A5CBC00457D53 /* 背景4.jpg */,
				7F7AC7691B7A5CBC00457D53 /* 背景5.jpg */,
				7F7AC76A1B7A5CBC00457D53 /* 背景6.jpeg */,
				7F7AC76B1B7A5CBC00457D53 /* 背景7.jpg */,
				7F7AC76C1B7A5CBC00457D53 /* 背景8.jpg */,
				7F7AC75B1B7A4A9300457D53 /* 仲間レベル1.gif */,
				7F7AC75C1B7A4A9300457D53 /* 仲間レベル2.png */,
				7F7AC75D1B7A4A9300457D53 /* 仲間レベル3.jpeg */,
				7F7AC75E1B7A4A9300457D53 /* 仲間レベル4.jpeg */,
				7F7AC7571B7A390C00457D53 /* ぐれる.jpg */,
				7F7AC7551B7A37BF00457D53 /* ギャル遊び.jpg */,
				7F7AC7511B7A34AA00457D53 /* 桃太郎.png */,
				7F7AC74D1B7A31C200457D53 /* 桃太郎誕生.png */,
				7F7AC7491B7A2A4300457D53 /* ゲームオーバ.jpeg */,
				7F7AC7451B7A24BF00457D53 /* ももとおばあちゃん.jpeg */,
				7F7AC7431B7A23A600457D53 /* 芝刈りと選択.png */,
				7F7AC7411B7A1CA200457D53 /* おじいちゃんとおばあちゃん.png */,
				7F450D811B71248100C63788 /* Info.plist */,
			);
			name = "Supporting Files";
			sourceTree = "<group>";
		};
		7F450D951B71248200C63788 /* 紙芝居Tests */ = {
			isa = PBXGroup;
			children = (
				7F450D981B71248200C63788 /* ___Tests.swift */,
				7F450D961B71248200C63788 /* Supporting Files */,
			);
			path = "紙芝居Tests";
			sourceTree = "<group>";
		};
		7F450D961B71248200C63788 /* Supporting Files */ = {
			isa = PBXGroup;
			children = (
				7F450D971B71248200C63788 /* Info.plist */,
			);
			name = "Supporting Files";
			sourceTree = "<group>";
		};
/* End PBXGroup section */

/* Begin PBXNativeTarget section */
		7F450D7C1B71248100C63788 /* 紙芝居 */ = {
			isa = PBXNativeTarget;
			buildConfigurationList = 7F450D9C1B71248200C63788 /* Build configuration list for PBXNativeTarget "紙芝居" */;
			buildPhases = (
				7F450D791B71248100C63788 /* Sources */,
				7F450D7A1B71248100C63788 /* Frameworks */,
				7F450D7B1B71248100C63788 /* Resources */,
			);
			buildRules = (
			);
			dependencies = (
			);
			name = "紙芝居";
			productName = "紙芝居";
			productReference = 7F450D7D1B71248100C63788 /* 紙芝居.app */;
			productType = "com.apple.product-type.application";
		};
		7F450D911B71248200C63788 /* 紙芝居Tests */ = {
			isa = PBXNativeTarget;
			buildConfigurationList = 7F450D9F1B71248200C63788 /* Build configuration list for PBXNativeTarget "紙芝居Tests" */;
			buildPhases = (
				7F450D8E1B71248200C63788 /* Sources */,
				7F450D8F1B71248200C63788 /* Frameworks */,
				7F450D901B71248200C63788 /* Resources */,
			);
			buildRules = (
			);
			dependencies = (
				7F450D941B71248200C63788 /* PBXTargetDependency */,
			);
			name = "紙芝居Tests";
			productName = "紙芝居Tests";
			productReference = 7F450D921B71248200C63788 /* 紙芝居Tests.xctest */;
			productType = "com.apple.product-type.bundle.unit-test";
		};
/* End PBXNativeTarget section */

/* Begin PBXProject section */
		7F450D751B71248100C63788 /* Project object */ = {
			isa = PBXProject;
			attributes = {
				LastSwiftUpdateCheck = 0700;
				LastUpgradeCheck = 0640;
				ORGANIZATIONNAME = "reo harada";
				TargetAttributes = {
					7F450D7C1B71248100C63788 = {
						CreatedOnToolsVersion = 6.4;
					};
					7F450D911B71248200C63788 = {
						CreatedOnToolsVersion = 6.4;
						TestTargetID = 7F450D7C1B71248100C63788;
					};
				};
			};
			buildConfigurationList = 7F450D781B71248100C63788 /* Build configuration list for PBXProject "紙芝居" */;
			compatibilityVersion = "Xcode 3.2";
			developmentRegion = English;
			hasScannedForEncodings = 0;
			knownRegions = (
				en,
				Base,
			);
			mainGroup = 7F450D741B71248100C63788;
			productRefGroup = 7F450D7E1B71248100C63788 /* Products */;
			projectDirPath = "";
			projectRoot = "";
			targets = (
				7F450D7C1B71248100C63788 /* 紙芝居 */,
				7F450D911B71248200C63788 /* 紙芝居Tests */,
			);
		};
/* End PBXProject section */

/* Begin PBXResourcesBuildPhase section */
		7F450D7B1B71248100C63788 /* Resources */ = {
			isa = PBXResourcesBuildPhase;
			buildActionMask = 2147483647;
			files = (
				7F7AC7461B7A24BF00457D53 /* ももとおばあちゃん.jpeg in Resources */,
				7F7AC7721B7A5CBC00457D53 /* 背景6.jpeg in Resources */,
				7F7AC75F1B7A4A9300457D53 /* 仲間レベル1.gif in Resources */,
				7F7AC76D1B7A5CBC00457D53 /* 背景1.jpg in Resources */,
				7F450D881B71248100C63788 /* Main.storyboard in Resources */,
				7F7AC7621B7A4A9300457D53 /* 仲間レベル4.jpeg in Resources */,
				7F7AC74A1B7A2A4300457D53 /* ゲームオーバ.jpeg in Resources */,
				7F7AC7741B7A5CBC00457D53 /* 背景8.jpg in Resources */,
				7F7AC74E1B7A31C200457D53 /* 桃太郎誕生.png in Resources */,
				7F7AC76E1B7A5CBC00457D53 /* 背景2.jpg in Resources */,
				7F450D8D1B71248100C63788 /* LaunchScreen.xib in Resources */,
				7F7AC7701B7A5CBC00457D53 /* 背景4.jpg in Resources */,
				7F7AC7611B7A4A9300457D53 /* 仲間レベル3.jpeg in Resources */,
				7F7AC76F1B7A5CBC00457D53 /* 背景3.jpeg in Resources */,
				7F7AC7421B7A1CA200457D53 /* おじいちゃんとおばあちゃん.png in Resources */,
				7F7AC7521B7A34AA00457D53 /* 桃太郎.png in Resources */,
				7F7AC7711B7A5CBC00457D53 /* 背景5.jpg in Resources */,
				7F7AC7561B7A37BF00457D53 /* ギャル遊び.jpg in Resources */,
				7F7AC7761B7A64D300457D53 /* 背景9.jpg in Resources */,
				7F7AC7601B7A4A9300457D53 /* 仲間レベル2.png in Resources */,
				7F7AC7731B7A5CBC00457D53 /* 背景7.jpg in Resources */,
				7F7AC7581B7A390C00457D53 /* ぐれる.jpg in Resources */,
				7F450D8A1B71248100C63788 /* Images.xcassets in Resources */,
				7F7AC7441B7A23A600457D53 /* 芝刈りと選択.png in Resources */,
			);
			runOnlyForDeploymentPostprocessing = 0;
		};
		7F450D901B71248200C63788 /* Resources */ = {
			isa = PBXResourcesBuildPhase;
			buildActionMask = 2147483647;
			files = (
			);
			runOnlyForDeploymentPostprocessing = 0;
		};
/* End PBXResourcesBuildPhase section */

/* Begin PBXSourcesBuildPhase section */
		7F450D791B71248100C63788 /* Sources */ = {
			isa = PBXSourcesBuildPhase;
			buildActionMask = 2147483647;
			files = (
				7F7AC7541B7A34E900457D53 /* DeparturesViewController.swift in Sources */,
				7F7AC7641B7A53D100457D53 /* AttackOniViewController.swift in Sources */,
				7F7AC75A1B7A41EA00457D53 /* MeetFriendViewController.swift in Sources */,
				7F31E1AB1B8B5ACD00DEDDE1 /* BornViewController.swift in Sources */,
				7F450D851B71248100C63788 /* ViewController.swift in Sources */,
				7F450D831B71248100C63788 /* AppDelegate.swift in Sources */,
				7F07E3831C4A5A5400986AD7 /* HoriNameClass.swift in Sources */,
			);
			runOnlyForDeploymentPostprocessing = 0;
		};
		7F450D8E1B71248200C63788 /* Sources */ = {
			isa = PBXSourcesBuildPhase;
			buildActionMask = 2147483647;
			files = (
				7F450D991B71248200C63788 /* ___Tests.swift in Sources */,
			);
			runOnlyForDeploymentPostprocessing = 0;
		};
/* End PBXSourcesBuildPhase section */

/* Begin PBXTargetDependency section */
		7F450D941B71248200C63788 /* PBXTargetDependency */ = {
			isa = PBXTargetDependency;
			target = 7F450D7C1B71248100C63788 /* 紙芝居 */;
			targetProxy = 7F450D931B71248200C63788 /* PBXContainerItemProxy */;
		};
/* End PBXTargetDependency section */

/* Begin PBXVariantGroup section */
		7F450D861B71248100C63788 /* Main.storyboard */ = {
			isa = PBXVariantGroup;
			children = (
				7F450D871B71248100C63788 /* Base */,
			);
			name = Main.storyboard;
			sourceTree = "<group>";
		};
		7F450D8B1B71248100C63788 /* LaunchScreen.xib */ = {
			isa = PBXVariantGroup;
			children = (
				7F450D8C1B71248100C63788 /* Base */,
			);
			name = LaunchScreen.xib;
			sourceTree = "<group>";
		};
/* End PBXVariantGroup section */

/* Begin XCBuildConfiguration section */
		7F450D9A1B71248200C63788 /* Debug */ = {
			isa = XCBuildConfiguration;
			buildSettings = {
				ALWAYS_SEARCH_USER_PATHS = NO;
				CLANG_CXX_LANGUAGE_STANDARD = "gnu++0x";
				CLANG_CXX_LIBRARY = "libc++";
				CLANG_ENABLE_MODULES = YES;
				CLANG_ENABLE_OBJC_ARC = YES;
				CLANG_WARN_BOOL_CONVERSION = YES;
				CLANG_WARN_CONSTANT_CONVERSION = YES;
				CLANG_WARN_DIRECT_OBJC_ISA_USAGE = YES_ERROR;
				CLANG_WARN_EMPTY_BODY = YES;
				CLANG_WARN_ENUM_CONVERSION = YES;
				CLANG_WARN_INT_CONVERSION = YES;
				CLANG_WARN_OBJC_ROOT_CLASS = YES_ERROR;
				CLANG_WARN_UNREACHABLE_CODE = YES;
				CLANG_WARN__DUPLICATE_METHOD_MATCH = YES;
				"CODE_SIGN_IDENTITY[sdk=iphoneos*]" = "iPhone Developer";
				COPY_PHASE_STRIP = NO;
				DEBUG_INFORMATION_FORMAT = "dwarf-with-dsym";
				ENABLE_STRICT_OBJC_MSGSEND = YES;
				GCC_C_LANGUAGE_STANDARD = gnu99;
				GCC_DYNAMIC_NO_PIC = NO;
				GCC_NO_COMMON_BLOCKS = YES;
				GCC_OPTIMIZATION_LEVEL = 0;
				GCC_PREPROCESSOR_DEFINITIONS = (
					"DEBUG=1",
					"$(inherited)",
				);
				GCC_SYMBOLS_PRIVATE_EXTERN = NO;
				GCC_WARN_64_TO_32_BIT_CONVERSION = YES;
				GCC_WARN_ABOUT_RETURN_TYPE = YES_ERROR;
				GCC_WARN_UNDECLARED_SELECTOR = YES;
				GCC_WARN_UNINITIALIZED_AUTOS = YES_AGGRESSIVE;
				GCC_WARN_UNUSED_FUNCTION = YES;
				GCC_WARN_UNUSED_VARIABLE = YES;
				IPHONEOS_DEPLOYMENT_TARGET = 8.4;
				MTL_ENABLE_DEBUG_INFO = YES;
				ONLY_ACTIVE_ARCH = YES;
				SDKROOT = iphoneos;
				SWIFT_OPTIMIZATION_LEVEL = "-Onone";
			};
			name = Debug;
		};
		7F450D9B1B71248200C63788 /* Release */ = {
			isa = XCBuildConfiguration;
			buildSettings = {
				ALWAYS_SEARCH_USER_PATHS = NO;
				CLANG_CXX_LANGUAGE_STANDARD = "gnu++0x";
				CLANG_CXX_LIBRARY = "libc++";
				CLANG_ENABLE_MODULES = YES;
				CLANG_ENABLE_OBJC_ARC = YES;
				CLANG_WARN_BOOL_CONVERSION = YES;
				CLANG_WARN_CONSTANT_CONVERSION = YES;
				CLANG_WARN_DIRECT_OBJC_ISA_USAGE = YES_ERROR;
				CLANG_WARN_EMPTY_BODY = YES;
				CLANG_WARN_ENUM_CONVERSION = YES;
				CLANG_WARN_INT_CONVERSION = YES;
				CLANG_WARN_OBJC_ROOT_CLASS = YES_ERROR;
				CLANG_WARN_UNREACHABLE_CODE = YES;
				CLANG_WARN__DUPLICATE_METHOD_MATCH = YES;
				"CODE_SIGN_IDENTITY[sdk=iphoneos*]" = "iPhone Developer";
				COPY_PHASE_STRIP = NO;
				DEBUG_INFORMATION_FORMAT = "dwarf-with-dsym";
				ENABLE_NS_ASSERTIONS = NO;
				ENABLE_STRICT_OBJC_MSGSEND = YES;
				GCC_C_LANGUAGE_STANDARD = gnu99;
				GCC_NO_COMMON_BLOCKS = YES;
				GCC_WARN_64_TO_32_BIT_CONVERSION = YES;
				GCC_WARN_ABOUT_RETURN_TYPE = YES_ERROR;
				GCC_WARN_UNDECLARED_SELECTOR = YES;
				GCC_WARN_UNINITIALIZED_AUTOS = YES_AGGRESSIVE;
				GCC_WARN_UNUSED_FUNCTION = YES;
				GCC_WARN_UNUSED_VARIABLE = YES;
				IPHONEOS_DEPLOYMENT_TARGET = 8.4;
				MTL_ENABLE_DEBUG_INFO = NO;
				SDKROOT = iphoneos;
				VALIDATE_PRODUCT = YES;
			};
			name = Release;
		};
		7F450D9D1B71248200C63788 /* Debug */ = {
			isa = XCBuildConfiguration;
			buildSettings = {
				ASSETCATALOG_COMPILER_APPICON_NAME = AppIcon;
				INFOPLIST_FILE = "紙芝居/Info.plist";
				LD_RUNPATH_SEARCH_PATHS = "$(inherited) @executable_path/Frameworks";
				PRODUCT_NAME = "$(TARGET_NAME)";
			};
			name = Debug;
		};
		7F450D9E1B71248200C63788 /* Release */ = {
			isa = XCBuildConfiguration;
			buildSettings = {
				ASSETCATALOG_COMPILER_APPICON_NAME = AppIcon;
				INFOPLIST_FILE = "紙芝居/Info.plist";
				LD_RUNPATH_SEARCH_PATHS = "$(inherited) @executable_path/Frameworks";
				PRODUCT_NAME = "$(TARGET_NAME)";
			};
			name = Release;
		};
		7F450DA01B71248200C63788 /* Debug */ = {
			isa = XCBuildConfiguration;
			buildSettings = {
				BUNDLE_LOADER = "$(TEST_HOST)";
				FRAMEWORK_SEARCH_PATHS = (
					"$(SDKROOT)/Developer/Library/Frameworks",
					"$(inherited)",
				);
				GCC_PREPROCESSOR_DEFINITIONS = (
					"DEBUG=1",
					"$(inherited)",
				);
				INFOPLIST_FILE = "紙芝居Tests/Info.plist";
				LD_RUNPATH_SEARCH_PATHS = "$(inherited) @executable_path/Frameworks @loader_path/Frameworks";
				PRODUCT_NAME = "$(TARGET_NAME)";
				TEST_HOST = "$(BUILT_PRODUCTS_DIR)/紙芝居.app/紙芝居";
			};
			name = Debug;
		};
		7F450DA11B71248200C63788 /* Release */ = {
			isa = XCBuildConfiguration;
			buildSettings = {
				BUNDLE_LOADER = "$(TEST_HOST)";
				FRAMEWORK_SEARCH_PATHS = (
					"$(SDKROOT)/Developer/Library/Frameworks",
					"$(inherited)",
				);
				INFOPLIST_FILE = "紙芝居Tests/Info.plist";
				LD_RUNPATH_SEARCH_PATHS = "$(inherited) @executable_path/Frameworks @loader_path/Frameworks";
				PRODUCT_NAME = "$(TARGET_NAME)";
				TEST_HOST = "$(BUILT_PRODUCTS_DIR)/紙芝居.app/紙芝居";
			};
			name = Release;
		};
/* End XCBuildConfiguration section */

/* Begin XCConfigurationList section */
		7F450D781B71248100C63788 /* Build configuration list for PBXProject "紙芝居" */ = {
			isa = XCConfigurationList;
			buildConfigurations = (
				7F450D9A1B71248200C63788 /* Debug */,
				7F450D9B1B71248200C63788 /* Release */,
			);
			defaultConfigurationIsVisible = 0;
			defaultConfigurationName = Release;
		};
		7F450D9C1B71248200C63788 /* Build configuration list for PBXNativeTarget "紙芝居" */ = {
			isa = XCConfigurationList;
			buildConfigurations = (
				7F450D9D1B71248200C63788 /* Debug */,
				7F450D9E1B71248200C63788 /* Release */,
			);
			defaultConfigurationIsVisible = 0;
			defaultConfigurationName = Release;
		};
		7F450D9F1B71248200C63788 /* Build configuration list for PBXNativeTarget "紙芝居Tests" */ = {
			isa = XCConfigurationList;
			buildConfigurations = (
				7F450DA01B71248200C63788 /* Debug */,
				7F450DA11B71248200C63788 /* Release */,
			);
			defaultConfigurationIsVisible = 0;
			defaultConfigurationName = Release;
		};
/* End XCConfigurationList section */
	};
	rootObject = 7F450D751B71248100C63788 /* Project object */;
}
